{
  "name": "@ur-wesley/tabdash-extension",
  "version": "0.2.9",
  "lockfileVersion": 2,
  "requires": true,
  "packages": {
    "": {
      "name": "@ur-wesley/tabdash-extension",
      "version": "0.2.9",
      "license": "MIT",
      "dependencies": {
        "@nanostores/solid": "^0.3.0",
        "nanostores": "^0.7.1",
        "solid-js": "^1.5.1"
      },
      "devDependencies": {
        "@iconify-json/carbon": "^1.1.9",
        "@iconify-json/mdi": "^1.1.34",
        "@types/chrome": "^0.0.199",
        "@types/node": "^18.11.12",
        "@unocss/preset-uno": "^0.45.29",
        "typescript": "^4.8.2",
        "unocss": "^0.45.29",
        "vite": "^3.0.9",
        "vite-plugin-solid": "^2.3.0",
        "web-ext": "^7.3.1"
      }
    },
    "../node_modules/.pnpm/@iconify-json+carbon@1.1.10/node_modules/@iconify-json/carbon": {
      "version": "1.1.10",
      "dev": true,
      "license": "Apache 2.0",
      "dependencies": {
        "@iconify/types": "*"
      }
    },
    "../node_modules/.pnpm/@iconify-json+mdi@1.1.34/node_modules/@iconify-json/mdi": {
      "version": "1.1.34",
      "dev": true,
      "license": "Apache 2.0",
      "dependencies": {
        "@iconify/types": "*"
      }
    },
    "../node_modules/.pnpm/@nanostores+solid@0.3.0_krmmgcs2xvbh5bldrnc2b2pynm/node_modules/@nanostores/solid": {
      "version": "0.3.0",
      "license": "MIT",
      "dependencies": {
        "nanostores": "^0.7.0"
      },
      "peerDependencies": {
        "nanostores": "^0.7.0",
        "solid-js": ">=1.4.0"
      }
    },
    "../node_modules/.pnpm/@types+chrome@0.0.199/node_modules/@types/chrome": {
      "version": "0.0.199",
      "dev": true,
      "license": "MIT",
      "dependencies": {
        "@types/filesystem": "*",
        "@types/har-format": "*"
      }
    },
    "../node_modules/.pnpm/@unocss+preset-uno@0.45.30/node_modules/@unocss/preset-uno": {
      "version": "0.45.30",
      "dev": true,
      "license": "MIT",
      "dependencies": {
        "@unocss/core": "0.45.30",
        "@unocss/preset-mini": "0.45.30",
        "@unocss/preset-wind": "0.45.30"
      },
      "funding": {
        "url": "https://github.com/sponsors/antfu"
      }
    },
    "../node_modules/.pnpm/nanostores@0.7.1/node_modules/nanostores": {
      "version": "0.7.1",
      "license": "MIT",
      "engines": {
        "node": "^14.0.0 || ^16.0.0 || >=18.0.0"
      }
    },
    "../node_modules/.pnpm/solid-js@1.6.2/node_modules/solid-js": {
      "version": "1.6.2",
      "license": "MIT",
      "dependencies": {
        "csstype": "^3.1.0"
      }
    },
    "../node_modules/.pnpm/typescript@4.8.4/node_modules/typescript": {
      "version": "4.8.4",
      "dev": true,
      "license": "Apache-2.0",
      "bin": {
        "tsc": "bin/tsc",
        "tsserver": "bin/tsserver"
      },
      "devDependencies": {
        "@octokit/rest": "latest",
        "@types/chai": "latest",
        "@types/convert-source-map": "latest",
        "@types/fs-extra": "^9.0.13",
        "@types/glob": "latest",
        "@types/gulp": "^4.0.9",
        "@types/gulp-concat": "latest",
        "@types/gulp-newer": "latest",
        "@types/gulp-rename": "latest",
        "@types/gulp-sourcemaps": "latest",
        "@types/merge2": "latest",
        "@types/microsoft__typescript-etw": "latest",
        "@types/minimatch": "latest",
        "@types/minimist": "latest",
        "@types/mkdirp": "latest",
        "@types/mocha": "latest",
        "@types/ms": "latest",
        "@types/node": "latest",
        "@types/node-fetch": "^2.6.2",
        "@types/q": "latest",
        "@types/source-map-support": "latest",
        "@types/xml2js": "^0.4.11",
        "@typescript-eslint/eslint-plugin": "^5.28.0",
        "@typescript-eslint/parser": "^5.28.0",
        "@typescript-eslint/utils": "^5.28.0",
        "async": "latest",
        "azure-devops-node-api": "^11.1.1",
        "chai": "latest",
        "chalk": "^4.1.2",
        "convert-source-map": "latest",
        "del": "6.1.1",
        "diff": "^5.1.0",
        "eslint": "8.17.0",
        "eslint-formatter-autolinkable-stylish": "1.2.0",
        "eslint-plugin-import": "2.26.0",
        "eslint-plugin-jsdoc": "39.3.2",
        "eslint-plugin-no-null": "1.0.2",
        "fancy-log": "latest",
        "fs-extra": "^9.1.0",
        "glob": "latest",
        "gulp": "^4.0.2",
        "gulp-concat": "latest",
        "gulp-insert": "latest",
        "gulp-newer": "latest",
        "gulp-rename": "latest",
        "gulp-sourcemaps": "latest",
        "merge2": "latest",
        "minimist": "latest",
        "mkdirp": "latest",
        "mocha": "latest",
        "mocha-fivemat-progress-reporter": "latest",
        "ms": "^2.1.3",
        "node-fetch": "^2.6.7",
        "prex": "^0.4.7",
        "q": "latest",
        "source-map-support": "latest",
        "typescript": "^4.5.5",
        "vinyl": "latest",
        "vinyl-sourcemaps-apply": "latest",
        "xml2js": "^0.4.23"
      },
      "engines": {
        "node": ">=4.2.0"
      }
    },
    "../node_modules/.pnpm/unocss@0.45.30_vite@3.2.4/node_modules/unocss": {
      "version": "0.45.30",
      "dev": true,
      "license": "MIT",
      "dependencies": {
        "@unocss/astro": "0.45.30",
        "@unocss/cli": "0.45.30",
        "@unocss/core": "0.45.30",
        "@unocss/preset-attributify": "0.45.30",
        "@unocss/preset-icons": "0.45.30",
        "@unocss/preset-mini": "0.45.30",
        "@unocss/preset-tagify": "0.45.30",
        "@unocss/preset-typography": "0.45.30",
        "@unocss/preset-uno": "0.45.30",
        "@unocss/preset-web-fonts": "0.45.30",
        "@unocss/preset-wind": "0.45.30",
        "@unocss/reset": "0.45.30",
        "@unocss/transformer-attributify-jsx": "0.45.30",
        "@unocss/transformer-compile-class": "0.45.30",
        "@unocss/transformer-directives": "0.45.30",
        "@unocss/transformer-variant-group": "0.45.30",
        "@unocss/vite": "0.45.30"
      },
      "devDependencies": {
        "@unocss/webpack": "0.45.30"
      },
      "engines": {
        "node": ">=14"
      },
      "funding": {
        "url": "https://github.com/sponsors/antfu"
      },
      "peerDependencies": {
        "@unocss/webpack": "0.45.30"
      },
      "peerDependenciesMeta": {
        "@unocss/webpack": {
          "optional": true
        }
      }
    },
    "../node_modules/.pnpm/vite-plugin-solid@2.4.0_solid-js@1.6.2+vite@3.2.4/node_modules/vite-plugin-solid": {
      "version": "2.4.0",
      "dev": true,
      "license": "MIT",
      "dependencies": {
        "@babel/core": "^7.18.6",
        "@babel/preset-typescript": "^7.18.6",
        "babel-preset-solid": "^1.4.6",
        "merge-anything": "^5.0.2",
        "solid-refresh": "^0.4.1",
        "vitefu": "^0.1.1"
      },
      "devDependencies": {
        "@babel/plugin-transform-typescript": "^7.18.8",
        "@babel/preset-env": "^7.18.6",
        "@rollup/plugin-babel": "^5.3.1",
        "@rollup/plugin-commonjs": "^22.0.1",
        "@rollup/plugin-node-resolve": "^13.3.0",
        "@skypack/package-check": "^0.2.2",
        "@types/babel__core": "^7.1.19",
        "@types/node": "^18.0.4",
        "prettier": "^2.7.1",
        "rollup": "^2.76.0",
        "rollup-plugin-cleaner": "^1.0.0",
        "solid-js": "^1.4.7",
        "typescript": "^4.7.4",
        "vite": "^3.0.0"
      },
      "peerDependencies": {
        "solid-js": "^1.3.17",
        "vite": "^3.0.0"
      }
    },
    "../node_modules/.pnpm/vite@3.2.4/node_modules/vite": {
      "version": "3.2.4",
      "dev": true,
      "license": "MIT",
      "dependencies": {
        "esbuild": "^0.15.9",
        "postcss": "^8.4.18",
        "resolve": "^1.22.1",
        "rollup": "^2.79.1"
      },
      "bin": {
        "vite": "bin/vite.js"
      },
      "devDependencies": {
        "@ampproject/remapping": "^2.2.0",
        "@babel/parser": "^7.20.0",
        "@babel/types": "^7.20.0",
        "@jridgewell/trace-mapping": "^0.3.17",
        "@rollup/plugin-alias": "^4.0.2",
        "@rollup/plugin-commonjs": "^23.0.2",
        "@rollup/plugin-dynamic-import-vars": "^2.0.1",
        "@rollup/plugin-json": "^4.1.0",
        "@rollup/plugin-node-resolve": "14.1.0",
        "@rollup/plugin-typescript": "^8.5.0",
        "@rollup/pluginutils": "^4.2.1",
        "acorn": "^8.8.1",
        "cac": "^6.7.14",
        "chokidar": "^3.5.3",
        "connect": "^3.7.0",
        "connect-history-api-fallback": "^2.0.0",
        "convert-source-map": "^1.9.0",
        "cors": "^2.8.5",
        "cross-spawn": "^7.0.3",
        "debug": "^4.3.4",
        "dep-types": "link:./src/types",
        "dotenv": "^14.3.2",
        "dotenv-expand": "^5.1.0",
        "es-module-lexer": "^1.1.0",
        "estree-walker": "^3.0.1",
        "etag": "^1.8.1",
        "fast-glob": "^3.2.12",
        "http-proxy": "^1.18.1",
        "json5": "^2.2.1",
        "launch-editor-middleware": "^2.6.0",
        "magic-string": "^0.26.7",
        "micromatch": "^4.0.5",
        "mlly": "^0.5.16",
        "mrmime": "^1.0.1",
        "okie": "^1.0.1",
        "open": "^8.4.0",
        "parse5": "^7.1.1",
        "periscopic": "^3.0.4",
        "picocolors": "^1.0.0",
        "picomatch": "^2.3.1",
        "postcss-import": "^15.0.0",
        "postcss-load-config": "^4.0.1",
        "postcss-modules": "^5.0.0",
        "resolve.exports": "^1.1.0",
        "sirv": "^2.0.2",
        "source-map-js": "^1.0.2",
        "source-map-support": "^0.5.21",
        "strip-ansi": "^7.0.1",
        "strip-literal": "^0.4.2",
        "tsconfck": "^2.0.1",
        "tslib": "^2.4.0",
        "types": "link:./types",
        "ufo": "^0.8.6",
        "ws": "^8.10.0"
      },
      "engines": {
        "node": "^14.18.0 || >=16.0.0"
      },
      "optionalDependencies": {
        "fsevents": "~2.3.2"
      },
      "peerDependencies": {
        "@types/node": ">= 14",
        "less": "*",
        "sass": "*",
        "stylus": "*",
        "sugarss": "*",
        "terser": "^5.4.0"
      },
      "peerDependenciesMeta": {
        "@types/node": {
          "optional": true
        },
        "less": {
          "optional": true
        },
        "sass": {
          "optional": true
        },
        "stylus": {
          "optional": true
        },
        "sugarss": {
          "optional": true
        },
        "terser": {
          "optional": true
        }
      }
    },
    "../node_modules/.pnpm/web-ext@7.3.1/node_modules/web-ext": {
      "version": "7.3.1",
      "dev": true,
      "license": "MPL-2.0",
      "dependencies": {
        "@babel/runtime": "7.19.4",
        "@devicefarmer/adbkit": "3.2.3",
        "addons-linter": "5.18.0",
        "bunyan": "1.8.15",
        "camelcase": "7.0.0",
        "chrome-launcher": "0.15.1",
        "debounce": "1.2.1",
        "decamelize": "6.0.0",
        "es6-error": "4.1.1",
        "firefox-profile": "4.2.2",
        "fs-extra": "10.1.0",
        "fx-runner": "1.3.0",
        "import-fresh": "3.3.0",
        "jose": "4.10.0",
        "mkdirp": "1.0.4",
        "multimatch": "6.0.0",
        "mz": "2.7.0",
        "node-fetch": "3.2.10",
        "node-notifier": "10.0.1",
        "open": "8.4.0",
        "parse-json": "6.0.2",
        "promise-toolbox": "0.21.0",
        "sign-addon": "5.1.0",
        "source-map-support": "0.5.21",
        "strip-bom": "5.0.0",
        "strip-json-comments": "5.0.0",
        "tmp": "0.2.1",
        "update-notifier": "6.0.2",
        "watchpack": "2.4.0",
        "ws": "8.9.0",
        "yargs": "17.6.0",
        "zip-dir": "2.0.0"
      },
      "bin": {
        "web-ext": "bin/web-ext.js"
      },
      "devDependencies": {
        "@babel/cli": "7.19.3",
        "@babel/core": "7.19.3",
        "@babel/eslint-parser": "7.19.1",
        "@babel/preset-env": "7.19.4",
        "@babel/preset-flow": "7.18.6",
        "@babel/register": "7.18.9",
        "@commitlint/cli": "17.1.2",
        "@commitlint/config-conventional": "17.1.0",
        "babel-plugin-istanbul": "6.1.1",
        "babel-plugin-transform-inline-environment-variables": "0.4.4",
        "chai": "4.3.6",
        "chai-as-promised": "7.1.1",
        "copy-dir": "1.3.0",
        "cross-env": "7.0.3",
        "deepcopy": "2.1.0",
        "eslint": "8.25.0",
        "eslint-plugin-async-await": "0.0.0",
        "eslint-plugin-ft-flow": "2.0.1",
        "eslint-plugin-import": "2.26.0",
        "flow-bin": "0.182.0",
        "git-rev-sync": "3.0.2",
        "html-entities": "2.3.3",
        "mocha": "10.0.0",
        "nyc": "15.1.0",
        "prettyjson": "1.2.5",
        "shelljs": "0.8.5",
        "sinon": "14.0.1",
        "testdouble": "3.16.6",
        "yauzl": "2.10.0"
      },
      "engines": {
        "node": ">=14.0.0",
        "npm": ">=6.9.0"
      }
    },
    "node_modules/@iconify-json/carbon": {
      "resolved": "../node_modules/.pnpm/@iconify-json+carbon@1.1.10/node_modules/@iconify-json/carbon",
      "link": true
    },
    "node_modules/@iconify-json/mdi": {
      "resolved": "../node_modules/.pnpm/@iconify-json+mdi@1.1.34/node_modules/@iconify-json/mdi",
      "link": true
    },
    "node_modules/@nanostores/solid": {
      "resolved": "../node_modules/.pnpm/@nanostores+solid@0.3.0_krmmgcs2xvbh5bldrnc2b2pynm/node_modules/@nanostores/solid",
      "link": true
    },
    "node_modules/@types/chrome": {
      "resolved": "../node_modules/.pnpm/@types+chrome@0.0.199/node_modules/@types/chrome",
      "link": true
    },
    "node_modules/@types/node": {
      "version": "18.11.12",
      "resolved": "https://registry.npmjs.org/@types/node/-/node-18.11.12.tgz",
      "integrity": "sha512-FgD3NtTAKvyMmD44T07zz2fEf+OKwutgBCEVM8GcvMGVGaDktiLNTDvPwC/LUe3PinMW+X6CuLOF2Ui1mAlSXg==",
      "dev": true
    },
    "node_modules/@unocss/preset-uno": {
      "resolved": "../node_modules/.pnpm/@unocss+preset-uno@0.45.30/node_modules/@unocss/preset-uno",
      "link": true
    },
    "node_modules/nanostores": {
      "resolved": "../node_modules/.pnpm/nanostores@0.7.1/node_modules/nanostores",
      "link": true
    },
    "node_modules/solid-js": {
      "resolved": "../node_modules/.pnpm/solid-js@1.6.2/node_modules/solid-js",
      "link": true
    },
    "node_modules/typescript": {
      "resolved": "../node_modules/.pnpm/typescript@4.8.4/node_modules/typescript",
      "link": true
    },
    "node_modules/unocss": {
      "resolved": "../node_modules/.pnpm/unocss@0.45.30_vite@3.2.4/node_modules/unocss",
      "link": true
    },
    "node_modules/vite": {
      "resolved": "../node_modules/.pnpm/vite@3.2.4/node_modules/vite",
      "link": true
    },
    "node_modules/vite-plugin-solid": {
      "resolved": "../node_modules/.pnpm/vite-plugin-solid@2.4.0_solid-js@1.6.2+vite@3.2.4/node_modules/vite-plugin-solid",
      "link": true
    },
    "node_modules/web-ext": {
      "resolved": "../node_modules/.pnpm/web-ext@7.3.1/node_modules/web-ext",
      "link": true
    }
  },
  "dependencies": {
    "@iconify-json/carbon": {
      "version": "file:../node_modules/.pnpm/@iconify-json+carbon@1.1.10/node_modules/@iconify-json/carbon",
      "requires": {
        "@iconify/types": "*"
      }
    },
    "@iconify-json/mdi": {
      "version": "file:../node_modules/.pnpm/@iconify-json+mdi@1.1.34/node_modules/@iconify-json/mdi",
      "requires": {
        "@iconify/types": "*"
      }
    },
    "@nanostores/solid": {
      "version": "file:../node_modules/.pnpm/@nanostores+solid@0.3.0_krmmgcs2xvbh5bldrnc2b2pynm/node_modules/@nanostores/solid",
      "requires": {
        "nanostores": "^0.7.0"
      }
    },
    "@types/chrome": {
      "version": "file:../node_modules/.pnpm/@types+chrome@0.0.199/node_modules/@types/chrome",
      "requires": {
        "@types/filesystem": "*",
        "@types/har-format": "*"
      }
    },
    "@types/node": {
      "version": "18.11.12",
      "resolved": "https://registry.npmjs.org/@types/node/-/node-18.11.12.tgz",
      "integrity": "sha512-FgD3NtTAKvyMmD44T07zz2fEf+OKwutgBCEVM8GcvMGVGaDktiLNTDvPwC/LUe3PinMW+X6CuLOF2Ui1mAlSXg==",
      "dev": true
    },
    "@unocss/preset-uno": {
      "version": "file:../node_modules/.pnpm/@unocss+preset-uno@0.45.30/node_modules/@unocss/preset-uno",
      "requires": {
        "@unocss/core": "0.45.30",
        "@unocss/preset-mini": "0.45.30",
        "@unocss/preset-wind": "0.45.30"
      }
    },
    "nanostores": {
      "version": "file:../node_modules/.pnpm/nanostores@0.7.1/node_modules/nanostores"
    },
    "solid-js": {
      "version": "file:../node_modules/.pnpm/solid-js@1.6.2/node_modules/solid-js",
      "requires": {
        "csstype": "^3.1.0"
      }
    },
    "typescript": {
      "version": "file:../node_modules/.pnpm/typescript@4.8.4/node_modules/typescript",
      "requires": {
        "@octokit/rest": "latest",
        "@types/chai": "latest",
        "@types/convert-source-map": "latest",
        "@types/fs-extra": "^9.0.13",
        "@types/glob": "latest",
        "@types/gulp": "^4.0.9",
        "@types/gulp-concat": "latest",
        "@types/gulp-newer": "latest",
        "@types/gulp-rename": "latest",
        "@types/gulp-sourcemaps": "latest",
        "@types/merge2": "latest",
        "@types/microsoft__typescript-etw": "latest",
        "@types/minimatch": "latest",
        "@types/minimist": "latest",
        "@types/mkdirp": "latest",
        "@types/mocha": "latest",
        "@types/ms": "latest",
        "@types/node": "latest",
        "@types/node-fetch": "^2.6.2",
        "@types/q": "latest",
        "@types/source-map-support": "latest",
        "@types/xml2js": "^0.4.11",
        "@typescript-eslint/eslint-plugin": "^5.28.0",
        "@typescript-eslint/parser": "^5.28.0",
        "@typescript-eslint/utils": "^5.28.0",
        "async": "latest",
        "azure-devops-node-api": "^11.1.1",
        "chai": "latest",
        "chalk": "^4.1.2",
        "convert-source-map": "latest",
        "del": "6.1.1",
        "diff": "^5.1.0",
        "eslint": "8.17.0",
        "eslint-formatter-autolinkable-stylish": "1.2.0",
        "eslint-plugin-import": "2.26.0",
        "eslint-plugin-jsdoc": "39.3.2",
        "eslint-plugin-no-null": "1.0.2",
        "fancy-log": "latest",
        "fs-extra": "^9.1.0",
        "glob": "latest",
        "gulp": "^4.0.2",
        "gulp-concat": "latest",
        "gulp-insert": "latest",
        "gulp-newer": "latest",
        "gulp-rename": "latest",
        "gulp-sourcemaps": "latest",
        "merge2": "latest",
        "minimist": "latest",
        "mkdirp": "latest",
        "mocha": "latest",
        "mocha-fivemat-progress-reporter": "latest",
        "ms": "^2.1.3",
        "node-fetch": "^2.6.7",
        "prex": "^0.4.7",
        "q": "latest",
        "source-map-support": "latest",
        "typescript": "^4.5.5",
        "vinyl": "latest",
        "vinyl-sourcemaps-apply": "latest",
        "xml2js": "^0.4.23"
      }
    },
    "unocss": {
      "version": "file:../node_modules/.pnpm/unocss@0.45.30_vite@3.2.4/node_modules/unocss",
      "requires": {
        "@unocss/astro": "0.45.30",
        "@unocss/cli": "0.45.30",
        "@unocss/core": "0.45.30",
        "@unocss/preset-attributify": "0.45.30",
        "@unocss/preset-icons": "0.45.30",
        "@unocss/preset-mini": "0.45.30",
        "@unocss/preset-tagify": "0.45.30",
        "@unocss/preset-typography": "0.45.30",
        "@unocss/preset-uno": "0.45.30",
        "@unocss/preset-web-fonts": "0.45.30",
        "@unocss/preset-wind": "0.45.30",
        "@unocss/reset": "0.45.30",
        "@unocss/transformer-attributify-jsx": "0.45.30",
        "@unocss/transformer-compile-class": "0.45.30",
        "@unocss/transformer-directives": "0.45.30",
        "@unocss/transformer-variant-group": "0.45.30",
        "@unocss/vite": "0.45.30",
        "@unocss/webpack": "0.45.30"
      }
    },
    "vite": {
      "version": "file:../node_modules/.pnpm/vite@3.2.4/node_modules/vite",
      "requires": {
        "@ampproject/remapping": "^2.2.0",
        "@babel/parser": "^7.20.0",
        "@babel/types": "^7.20.0",
        "@jridgewell/trace-mapping": "^0.3.17",
        "@rollup/plugin-alias": "^4.0.2",
        "@rollup/plugin-commonjs": "^23.0.2",
        "@rollup/plugin-dynamic-import-vars": "^2.0.1",
        "@rollup/plugin-json": "^4.1.0",
        "@rollup/plugin-node-resolve": "14.1.0",
        "@rollup/plugin-typescript": "^8.5.0",
        "@rollup/pluginutils": "^4.2.1",
        "acorn": "^8.8.1",
        "cac": "^6.7.14",
        "chokidar": "^3.5.3",
        "connect": "^3.7.0",
        "connect-history-api-fallback": "^2.0.0",
        "convert-source-map": "^1.9.0",
        "cors": "^2.8.5",
        "cross-spawn": "^7.0.3",
        "debug": "^4.3.4",
        "dep-types": "link:./src/types",
        "dotenv": "^14.3.2",
        "dotenv-expand": "^5.1.0",
        "es-module-lexer": "^1.1.0",
        "esbuild": "^0.15.9",
        "estree-walker": "^3.0.1",
        "etag": "^1.8.1",
        "fast-glob": "^3.2.12",
        "fsevents": "~2.3.2",
        "http-proxy": "^1.18.1",
        "json5": "^2.2.1",
        "launch-editor-middleware": "^2.6.0",
        "magic-string": "^0.26.7",
        "micromatch": "^4.0.5",
        "mlly": "^0.5.16",
        "mrmime": "^1.0.1",
        "okie": "^1.0.1",
        "open": "^8.4.0",
        "parse5": "^7.1.1",
        "periscopic": "^3.0.4",
        "picocolors": "^1.0.0",
        "picomatch": "^2.3.1",
        "postcss": "^8.4.18",
        "postcss-import": "^15.0.0",
        "postcss-load-config": "^4.0.1",
        "postcss-modules": "^5.0.0",
        "resolve": "^1.22.1",
        "resolve.exports": "^1.1.0",
        "rollup": "^2.79.1",
        "sirv": "^2.0.2",
        "source-map-js": "^1.0.2",
        "source-map-support": "^0.5.21",
        "strip-ansi": "^7.0.1",
        "strip-literal": "^0.4.2",
        "tsconfck": "^2.0.1",
        "tslib": "^2.4.0",
        "types": "link:./types",
        "ufo": "^0.8.6",
        "ws": "^8.10.0"
      }
    },
    "vite-plugin-solid": {
      "version": "file:../node_modules/.pnpm/vite-plugin-solid@2.4.0_solid-js@1.6.2+vite@3.2.4/node_modules/vite-plugin-solid",
      "requires": {
        "@babel/core": "^7.18.6",
        "@babel/plugin-transform-typescript": "^7.18.8",
        "@babel/preset-env": "^7.18.6",
        "@babel/preset-typescript": "^7.18.6",
        "@rollup/plugin-babel": "^5.3.1",
        "@rollup/plugin-commonjs": "^22.0.1",
        "@rollup/plugin-node-resolve": "^13.3.0",
        "@skypack/package-check": "^0.2.2",
        "@types/babel__core": "^7.1.19",
        "@types/node": "^18.0.4",
        "babel-preset-solid": "^1.4.6",
        "merge-anything": "^5.0.2",
        "prettier": "^2.7.1",
        "rollup": "^2.76.0",
        "rollup-plugin-cleaner": "^1.0.0",
        "solid-js": "^1.4.7",
        "solid-refresh": "^0.4.1",
        "typescript": "^4.7.4",
        "vite": "^3.0.0",
        "vitefu": "^0.1.1"
      }
    },
    "web-ext": {
      "version": "file:../node_modules/.pnpm/web-ext@7.3.1/node_modules/web-ext",
      "requires": {
        "@babel/cli": "7.19.3",
        "@babel/core": "7.19.3",
        "@babel/eslint-parser": "7.19.1",
        "@babel/preset-env": "7.19.4",
        "@babel/preset-flow": "7.18.6",
        "@babel/register": "7.18.9",
        "@babel/runtime": "7.19.4",
        "@commitlint/cli": "17.1.2",
        "@commitlint/config-conventional": "17.1.0",
        "@devicefarmer/adbkit": "3.2.3",
        "addons-linter": "5.18.0",
        "babel-plugin-istanbul": "6.1.1",
        "babel-plugin-transform-inline-environment-variables": "0.4.4",
        "bunyan": "1.8.15",
        "camelcase": "7.0.0",
        "chai": "4.3.6",
        "chai-as-promised": "7.1.1",
        "chrome-launcher": "0.15.1",
        "copy-dir": "1.3.0",
        "cross-env": "7.0.3",
        "debounce": "1.2.1",
        "decamelize": "6.0.0",
        "deepcopy": "2.1.0",
        "es6-error": "4.1.1",
        "eslint": "8.25.0",
        "eslint-plugin-async-await": "0.0.0",
        "eslint-plugin-ft-flow": "2.0.1",
        "eslint-plugin-import": "2.26.0",
        "firefox-profile": "4.2.2",
        "flow-bin": "0.182.0",
        "fs-extra": "10.1.0",
        "fx-runner": "1.3.0",
        "git-rev-sync": "3.0.2",
        "html-entities": "2.3.3",
        "import-fresh": "3.3.0",
        "jose": "4.10.0",
        "mkdirp": "1.0.4",
        "mocha": "10.0.0",
        "multimatch": "6.0.0",
        "mz": "2.7.0",
        "node-fetch": "3.2.10",
        "node-notifier": "10.0.1",
        "nyc": "15.1.0",
        "open": "8.4.0",
        "parse-json": "6.0.2",
        "prettyjson": "1.2.5",
        "promise-toolbox": "0.21.0",
        "shelljs": "0.8.5",
        "sign-addon": "5.1.0",
        "sinon": "14.0.1",
        "source-map-support": "0.5.21",
        "strip-bom": "5.0.0",
        "strip-json-comments": "5.0.0",
        "testdouble": "3.16.6",
        "tmp": "0.2.1",
        "update-notifier": "6.0.2",
        "watchpack": "2.4.0",
        "ws": "8.9.0",
        "yargs": "17.6.0",
        "yauzl": "2.10.0",
        "zip-dir": "2.0.0"
      }
    }
  }
}
